
Microsoft Visual Studio Solution File, Format Version 12.00
# Visual Studio Version 17
VisualStudioVersion = 17.2.32516.85
MinimumVisualStudioVersion = 10.0.40219.1
Project("{FAE04EC0-301F-11D3-BF4B-00C04F79EFBC}") = "Charlzk Python Console Disabler", "Charliezkie Python Console Disabler\Charlzk Python Console Disabler.csproj", "{677FCA62-1ADF-468D-AB9E-AB1D95A7EC62}"
EndProject
Global
	GlobalSection(SolutionConfigurationPlatforms) = preSolution
		Debug|Any CPU = Debug|Any CPU
		Release|Any CPU = Release|Any CPU
	EndGlobalSection
	GlobalSection(ProjectConfigurationPlatforms) = postSolution
		{677FCA62-1ADF-468D-AB9E-AB1D95A7EC62}.Debug|Any CPU.ActiveCfg = Debug|Any CPU
		{677FCA62-1ADF-468D-AB9E-AB1D95A7EC62}.Debug|Any CPU.Build.0 = Debug|Any CPU
		{677FCA62-1ADF-468D-AB9E-AB1D95A7EC62}.Release|Any CPU.ActiveCfg = Release|Any CPU
		{677FCA62-1ADF-468D-AB9E-AB1D95A7EC62}.Release|Any CPU.Build.0 = Release|Any CPU
	EndGlobalSection
	GlobalSection(SolutionProperties) = preSolution
		HideSolutionNode = FALSE
	EndGlobalSection
	GlobalSection(ExtensibilityGlobals) = postSolution
		SolutionGuid = {73D55FAA-E148-4EB8-9A87-3994A67537E0}
	EndGlobalSection
EndGlobal
